
Microsoft Visual Studio Solution File, Format Version 12.00
Project("{FAE04EC0-301F-11D3-BF4B-00C04F79EFBC}") = "ShoppingListApi", "ShoppingListApi\ShoppingListApi.csproj", "{B719FF76-BE57-4455-B606-519E58CA2A02}"
EndProject
Global
	GlobalSection(SolutionConfigurationPlatforms) = preSolution
		Debug|Any CPU = Debug|Any CPU
		Release|Any CPU = Release|Any CPU
	EndGlobalSection
	GlobalSection(ProjectConfigurationPlatforms) = postSolution
		{B719FF76-BE57-4455-B606-519E58CA2A02}.Debug|Any CPU.ActiveCfg = Debug|Any CPU
		{B719FF76-BE57-4455-B606-519E58CA2A02}.Debug|Any CPU.Build.0 = Debug|Any CPU
		{B719FF76-BE57-4455-B606-519E58CA2A02}.Release|Any CPU.ActiveCfg = Release|Any CPU
		{B719FF76-BE57-4455-B606-519E58CA2A02}.Release|Any CPU.Build.0 = Release|Any CPU
	EndGlobalSection
EndGlobal
